// !$*UTF8*$!
{
	archiveVersion = 1;
	classes = {
	};
	objectVersion = 77;
	objects = {

/* Begin PBXContainerItemProxy section */
		BA4D429A2CCD436700EF8218 /* PBXContainerItemProxy */ = {
			isa = PBXContainerItemProxy;
			containerPortal = BA4D42812CCD436600EF8218 /* Project object */;
			proxyType = 1;
			remoteGlobalIDString = BA4D42882CCD436600EF8218;
			remoteInfo = PokerGenius;
		};
		BA4D42A42CCD436700EF8218 /* PBXContainerItemProxy */ = {
			isa = PBXContainerItemProxy;
			containerPortal = BA4D42812CCD436600EF8218 /* Project object */;
			proxyType = 1;
			remoteGlobalIDString = BA4D42882CCD436600EF8218;
			remoteInfo = PokerGenius;
		};
/* End PBXContainerItemProxy section */

/* Begin PBXFileReference section */
		BA4D42892CCD436600EF8218 /* PokerGenius.app */ = {isa = PBXFileReference; explicitFileType = wrapper.application; includeInIndex = 0; path = PokerGenius.app; sourceTree = BUILT_PRODUCTS_DIR; };
		BA4D42992CCD436700EF8218 /* PokerGeniusTests.xctest */ = {isa = PBXFileReference; explicitFileType = wrapper.cfbundle; includeInIndex = 0; path = PokerGeniusTests.xctest; sourceTree = BUILT_PRODUCTS_DIR; };
		BA4D42A32CCD436700EF8218 /* PokerGeniusUITests.xctest */ = {isa = PBXFileReference; explicitFileType = wrapper.cfbundle; includeInIndex = 0; path = PokerGeniusUITests.xctest; sourceTree = BUILT_PRODUCTS_DIR; };
/* End PBXFileReference section */

/* Begin PBXFileSystemSynchronizedRootGroup section */
		BA4D428B2CCD436600EF8218 /* PokerGenius */ = {
			isa = PBXFileSystemSynchronizedRootGroup;
			path = PokerGenius;
			sourceTree = "<group>";
		};
		BA4D429C2CCD436700EF8218 /* PokerGeniusTests */ = {
			isa = PBXFileSystemSynchronizedRootGroup;
			path = PokerGeniusTests;
			sourceTree = "<group>";
		};
		BA4D42A62CCD436700EF8218 /* PokerGeniusUITests */ = {
			isa = PBXFileSystemSynchronizedRootGroup;
			path = PokerGeniusUITests;
			sourceTree = "<group>";
		};
/* End PBXFileSystemSynchronizedRootGroup section */

/* Begin PBXFrameworksBuildPhase section */
		BA4D42862CCD436600EF8218 /* Frameworks */ = {
			isa = PBXFrameworksBuildPhase;
			buildActionMask = 2147483647;
			files = (
			);
			runOnlyForDeploymentPostprocessing = 0;
		};
		BA4D42962CCD436700EF8218 /* Frameworks */ = {
			isa = PBXFrameworksBuildPhase;
			buildActionMask = 2147483647;
			files = (
			);
			runOnlyForDeploymentPostprocessing = 0;
		};
		BA4D42A02CCD436700EF8218 /* Frameworks */ = {
			isa = PBXFrameworksBuildPhase;
			buildActionMask = 2147483647;
			files = (
			);
			runOnlyForDeploymentPostprocessing = 0;
		};
/* End PBXFrameworksBuildPhase section */

/* Begin PBXGroup section */
		BA4D42802CCD436600EF8218 = {
			isa = PBXGroup;
			children = (
				BA4D428B2CCD436600EF8218 /* PokerGenius */,
				BA4D429C2CCD436700EF8218 /* PokerGeniusTests */,
				BA4D42A62CCD436700EF8218 /* PokerGeniusUITests */,
				BA4D428A2CCD436600EF8218 /* Products */,
			);
			sourceTree = "<group>";
		};
		BA4D428A2CCD436600EF8218 /* Products */ = {
			isa = PBXGroup;
			children = (
				BA4D42892CCD436600EF8218 /* PokerGenius.app */,
				BA4D42992CCD436700EF8218 /* PokerGeniusTests.xctest */,
				BA4D42A32CCD436700EF8218 /* PokerGeniusUITests.xctest */,
			);
			name = Products;
			sourceTree = "<group>";
		};
/* End PBXGroup section */

/* Begin PBXNativeTarget section */
		BA4D42882CCD436600EF8218 /* PokerGenius */ = {
			isa = PBXNativeTarget;
			buildConfigurationList = BA4D42AD2CCD436700EF8218 /* Build configuration list for PBXNativeTarget "PokerGenius" */;
			buildPhases = (
				BA4D42852CCD436600EF8218 /* Sources */,
				BA4D42862CCD436600EF8218 /* Frameworks */,
				BA4D42872CCD436600EF8218 /* Resources */,
			);
			buildRules = (
			);
			dependencies = (
			);
			fileSystemSynchronizedGroups = (
				BA4D428B2CCD436600EF8218 /* PokerGenius */,
			);
			name = PokerGenius;
			packageProductDependencies = (
			);
			productName = PokerGenius;
			productReference = BA4D42892CCD436600EF8218 /* PokerGenius.app */;
			productType = "com.apple.product-type.application";
		};
		BA4D42982CCD436700EF8218 /* PokerGeniusTests */ = {
			isa = PBXNativeTarget;
			buildConfigurationList = BA4D42B02CCD436700EF8218 /* Build configuration list for PBXNativeTarget "PokerGeniusTests" */;
			buildPhases = (
				BA4D42952CCD436700EF8218 /* Sources */,
				BA4D42962CCD436700EF8218 /* Frameworks */,
				BA4D42972CCD436700EF8218 /* Resources */,
			);
			buildRules = (
			);
			dependencies = (
				BA4D429B2CCD436700EF8218 /* PBXTargetDependency */,
			);
			fileSystemSynchronizedGroups = (
				BA4D429C2CCD436700EF8218 /* PokerGeniusTests */,
			);
			name = PokerGeniusTests;
			packageProductDependencies = (
			);
			productName = PokerGeniusTests;
			productReference = BA4D42992CCD436700EF8218 /* PokerGeniusTests.xctest */;
			productType = "com.apple.product-type.bundle.unit-test";
		};
		BA4D42A22CCD436700EF8218 /* PokerGeniusUITests */ = {
			isa = PBXNativeTarget;
			buildConfigurationList = BA4D42B32CCD436700EF8218 /* Build configuration list for PBXNativeTarget "PokerGeniusUITests" */;
			buildPhases = (
				BA4D429F2CCD436700EF8218 /* Sources */,
				BA4D42A02CCD436700EF8218 /* Frameworks */,
				BA4D42A12CCD436700EF8218 /* Resources */,
			);
			buildRules = (
			);
			dependencies = (
				BA4D42A52CCD436700EF8218 /* PBXTargetDependency */,
			);
			fileSystemSynchronizedGroups = (
				BA4D42A62CCD436700EF8218 /* PokerGeniusUITests */,
			);
			name = PokerGeniusUITests;
			packageProductDependencies = (
			);
			productName = PokerGeniusUITests;
			productReference = BA4D42A32CCD436700EF8218 /* PokerGeniusUITests.xctest */;
			productType = "com.apple.product-type.bundle.ui-testing";
		};
/* End PBXNativeTarget section */

/* Begin PBXProject section */
		BA4D42812CCD436600EF8218 /* Project object */ = {
			isa = PBXProject;
			attributes = {
				BuildIndependentTargetsInParallel = 1;
				LastSwiftUpdateCheck = 1600;
				LastUpgradeCheck = 1600;
				TargetAttributes = {
					BA4D42882CCD436600EF8218 = {
						CreatedOnToolsVersion = 16.0;
					};
					BA4D42982CCD436700EF8218 = {
						CreatedOnToolsVersion = 16.0;
						TestTargetID = BA4D42882CCD436600EF8218;
					};
					BA4D42A22CCD436700EF8218 = {
						CreatedOnToolsVersion = 16.0;
						TestTargetID = BA4D42882CCD436600EF8218;
					};
				};
			};
			buildConfigurationList = BA4D42842CCD436600EF8218 /* Build configuration list for PBXProject "PokerGenius" */;
			developmentRegion = en;
			hasScannedForEncodings = 0;
			knownRegions = (
				en,
				Base,
			);
			mainGroup = BA4D42802CCD436600EF8218;
			minimizedProjectReferenceProxies = 1;
			preferredProjectObjectVersion = 77;
			productRefGroup = BA4D428A2CCD436600EF8218 /* Products */;
			projectDirPath = "";
			projectRoot = "";
			targets = (
				BA4D42882CCD436600EF8218 /* PokerGenius */,
				BA4D42982CCD436700EF8218 /* PokerGeniusTests */,
				BA4D42A22CCD436700EF8218 /* PokerGeniusUITests */,
			);
		};
/* End PBXProject section */

/* Begin PBXResourcesBuildPhase section */
		BA4D42872CCD436600EF8218 /* Resources */ = {
			isa = PBXResourcesBuildPhase;
			buildActionMask = 2147483647;
			files = (
			);
			runOnlyForDeploymentPostprocessing = 0;
		};
		BA4D42972CCD436700EF8218 /* Resources */ = {
			isa = PBXResourcesBuildPhase;
			buildActionMask = 2147483647;
			files = (
			);
			runOnlyForDeploymentPostprocessing = 0;
		};
		BA4D42A12CCD436700EF8218 /* Resources */ = {
			isa = PBXResourcesBuildPhase;
			buildActionMask = 2147483647;
			files = (
			);
			runOnlyForDeploymentPostprocessing = 0;
		};
/* End PBXResourcesBuildPhase section */

/* Begin PBXSourcesBuildPhase section */
		BA4D42852CCD436600EF8218 /* Sources */ = {
			isa = PBXSourcesBuildPhase;
			buildActionMask = 2147483647;
			files = (
			);
			runOnlyForDeploymentPostprocessing = 0;
		};
		BA4D42952CCD436700EF8218 /* Sources */ = {
			isa = PBXSourcesBuildPhase;
			buildActionMask = 2147483647;
			files = (
			);
			runOnlyForDeploymentPostprocessing = 0;
		};
		BA4D429F2CCD436700EF8218 /* Sources */ = {
			isa = PBXSourcesBuildPhase;
			buildActionMask = 2147483647;
			files = (
			);
			runOnlyForDeploymentPostprocessing = 0;
		};
/* End PBXSourcesBuildPhase section */

/* Begin PBXTargetDependency section */
		BA4D429B2CCD436700EF8218 /* PBXTargetDependency */ = {
			isa = PBXTargetDependency;
			target = BA4D42882CCD436600EF8218 /* PokerGenius */;
			targetProxy = BA4D429A2CCD436700EF8218 /* PBXContainerItemProxy */;
		};
		BA4D42A52CCD436700EF8218 /* PBXTargetDependency */ = {
			isa = PBXTargetDependency;
			target = BA4D42882CCD436600EF8218 /* PokerGenius */;
			targetProxy = BA4D42A42CCD436700EF8218 /* PBXContainerItemProxy */;
		};
/* End PBXTargetDependency section */

/* Begin XCBuildConfiguration section */
		BA4D42AB2CCD436700EF8218 /* Debug */ = {
			isa = XCBuildConfiguration;
			buildSettings = {
				ALWAYS_SEARCH_USER_PATHS = NO;
				ASSETCATALOG_COMPILER_GENERATE_SWIFT_ASSET_SYMBOL_EXTENSIONS = YES;
				CLANG_ANALYZER_NONNULL = YES;
				CLANG_ANALYZER_NUMBER_OBJECT_CONVERSION = YES_AGGRESSIVE;
				CLANG_CXX_LANGUAGE_STANDARD = "gnu++20";
				CLANG_ENABLE_MODULES = YES;
				CLANG_ENABLE_OBJC_ARC = YES;
				CLANG_ENABLE_OBJC_WEAK = YES;
				CLANG_WARN_BLOCK_CAPTURE_AUTORELEASING = YES;
				CLANG_WARN_BOOL_CONVERSION = YES;
				CLANG_WARN_COMMA = YES;
				CLANG_WARN_CONSTANT_CONVERSION = YES;
				CLANG_WARN_DEPRECATED_OBJC_IMPLEMENTATIONS = YES;
				CLANG_WARN_DIRECT_OBJC_ISA_USAGE = YES_ERROR;
				CLANG_WARN_DOCUMENTATION_COMMENTS = YES;
				CLANG_WARN_EMPTY_BODY = YES;
				CLANG_WARN_ENUM_CONVERSION = YES;
				CLANG_WARN_INFINITE_RECURSION = YES;
				CLANG_WARN_INT_CONVERSION = YES;
				CLANG_WARN_NON_LITERAL_NULL_CONVERSION = YES;
				CLANG_WARN_OBJC_IMPLICIT_RETAIN_SELF = YES;
				CLANG_WARN_OBJC_LITERAL_CONVERSION = YES;
				CLANG_WARN_OBJC_ROOT_CLASS = YES_ERROR;
				CLANG_WARN_QUOTED_INCLUDE_IN_FRAMEWORK_HEADER = YES;
				CLANG_WARN_RANGE_LOOP_ANALYSIS = YES;
				CLANG_WARN_STRICT_PROTOTYPES = YES;
				CLANG_WARN_SUSPICIOUS_MOVE = YES;
				CLANG_WARN_UNGUARDED_AVAILABILITY = YES_AGGRESSIVE;
				CLANG_WARN_UNREACHABLE_CODE = YES;
				CLANG_WARN__DUPLICATE_METHOD_MATCH = YES;
				COPY_PHASE_STRIP = NO;
				DEBUG_INFORMATION_FORMAT = dwarf;
				ENABLE_STRICT_OBJC_MSGSEND = YES;
				ENABLE_TESTABILITY = YES;
				ENABLE_USER_SCRIPT_SANDBOXING = YES;
				GCC_C_LANGUAGE_STANDARD = gnu17;
				GCC_DYNAMIC_NO_PIC = NO;
				GCC_NO_COMMON_BLOCKS = YES;
				GCC_OPTIMIZATION_LEVEL = 0;
				GCC_PREPROCESSOR_DEFINITIONS = (
					"DEBUG=1",
					"$(inherited)",
				);
				GCC_WARN_64_TO_32_BIT_CONVERSION = YES;
				GCC_WARN_ABOUT_RETURN_TYPE = YES_ERROR;
				GCC_WARN_UNDECLARED_SELECTOR = YES;
				GCC_WARN_UNINITIALIZED_AUTOS = YES_AGGRESSIVE;
				GCC_WARN_UNUSED_FUNCTION = YES;
				GCC_WARN_UNUSED_VARIABLE = YES;
				IPHONEOS_DEPLOYMENT_TARGET = 18.0;
				LOCALIZATION_PREFERS_STRING_CATALOGS = YES;
				MTL_ENABLE_DEBUG_INFO = INCLUDE_SOURCE;
				MTL_FAST_MATH = YES;
				ONLY_ACTIVE_ARCH = YES;
				SDKROOT = iphoneos;
				SWIFT_ACTIVE_COMPILATION_CONDITIONS = "DEBUG $(inherited)";
				SWIFT_OPTIMIZATION_LEVEL = "-Onone";
			};
			name = Debug;
		};
		BA4D42AC2CCD436700EF8218 /* Release */ = {
			isa = XCBuildConfiguration;
			buildSettings = {
				ALWAYS_SEARCH_USER_PATHS = NO;
				ASSETCATALOG_COMPILER_GENERATE_SWIFT_ASSET_SYMBOL_EXTENSIONS = YES;
				CLANG_ANALYZER_NONNULL = YES;
				CLANG_ANALYZER_NUMBER_OBJECT_CONVERSION = YES_AGGRESSIVE;
				CLANG_CXX_LANGUAGE_STANDARD = "gnu++20";
				CLANG_ENABLE_MODULES = YES;
				CLANG_ENABLE_OBJC_ARC = YES;
				CLANG_ENABLE_OBJC_WEAK = YES;
				CLANG_WARN_BLOCK_CAPTURE_AUTORELEASING = YES;
				CLANG_WARN_BOOL_CONVERSION = YES;
				CLANG_WARN_COMMA = YES;
				CLANG_WARN_CONSTANT_CONVERSION = YES;
				CLANG_WARN_DEPRECATED_OBJC_IMPLEMENTATIONS = YES;
				CLANG_WARN_DIRECT_OBJC_ISA_USAGE = YES_ERROR;
				CLANG_WARN_DOCUMENTATION_COMMENTS = YES;
				CLANG_WARN_EMPTY_BODY = YES;
				CLANG_WARN_ENUM_CONVERSION = YES;
				CLANG_WARN_INFINITE_RECURSION = YES;
				CLANG_WARN_INT_CONVERSION = YES;
				CLANG_WARN_NON_LITERAL_NULL_CONVERSION = YES;
				CLANG_WARN_OBJC_IMPLICIT_RETAIN_SELF = YES;
				CLANG_WARN_OBJC_LITERAL_CONVERSION = YES;
				CLANG_WARN_OBJC_ROOT_CLASS = YES_ERROR;
				CLANG_WARN_QUOTED_INCLUDE_IN_FRAMEWORK_HEADER = YES;
				CLANG_WARN_RANGE_LOOP_ANALYSIS = YES;
				CLANG_WARN_STRICT_PROTOTYPES = YES;
				CLANG_WARN_SUSPICIOUS_MOVE = YES;
				CLANG_WARN_UNGUARDED_AVAILABILITY = YES_AGGRESSIVE;
				CLANG_WARN_UNREACHABLE_CODE = YES;
				CLANG_WARN__DUPLICATE_METHOD_MATCH = YES;
				COPY_PHASE_STRIP = NO;
				DEBUG_INFORMATION_FORMAT = "dwarf-with-dsym";
				ENABLE_NS_ASSERTIONS = NO;
				ENABLE_STRICT_OBJC_MSGSEND = YES;
				ENABLE_USER_SCRIPT_SANDBOXING = YES;
				GCC_C_LANGUAGE_STANDARD = gnu17;
				GCC_NO_COMMON_BLOCKS = YES;
				GCC_WARN_64_TO_32_BIT_CONVERSION = YES;
				GCC_WARN_ABOUT_RETURN_TYPE = YES_ERROR;
				GCC_WARN_UNDECLARED_SELECTOR = YES;
				GCC_WARN_UNINITIALIZED_AUTOS = YES_AGGRESSIVE;
				GCC_WARN_UNUSED_FUNCTION = YES;
				GCC_WARN_UNUSED_VARIABLE = YES;
				IPHONEOS_DEPLOYMENT_TARGET = 18.0;
				LOCALIZATION_PREFERS_STRING_CATALOGS = YES;
				MTL_ENABLE_DEBUG_INFO = NO;
				MTL_FAST_MATH = YES;
				SDKROOT = iphoneos;
				SWIFT_COMPILATION_MODE = wholemodule;
				VALIDATE_PRODUCT = YES;
			};
			name = Release;
		};
		BA4D42AE2CCD436700EF8218 /* Debug */ = {
			isa = XCBuildConfiguration;
			buildSettings = {
				ASSETCATALOG_COMPILER_APPICON_NAME = AppIcon;
				ASSETCATALOG_COMPILER_GLOBAL_ACCENT_COLOR_NAME = AccentColor;
				CODE_SIGN_STYLE = Automatic;
				CURRENT_PROJECT_VERSION = 1;
				DEVELOPMENT_ASSET_PATHS = "\"PokerGenius/Preview Content\"";
				DEVELOPMENT_TEAM = 4K64J37G9P;
				ENABLE_PREVIEWS = YES;
				GENERATE_INFOPLIST_FILE = YES;
				INFOPLIST_KEY_CFBundleDisplayName = "PokerGenius-Texas Hold'em";
				INFOPLIST_KEY_LSApplicationCategoryType = "public.app-category.productivity";
				INFOPLIST_KEY_NSCameraUsageDescription = "\"PokerGenius needs access to your camera to capture card images.\"";
				INFOPLIST_KEY_UIApplicationSceneManifest_Generation = YES;
				INFOPLIST_KEY_UIApplicationSupportsIndirectInputEvents = YES;
				INFOPLIST_KEY_UILaunchScreen_Generation = YES;
				INFOPLIST_KEY_UISupportedInterfaceOrientations = UIInterfaceOrientationPortrait;
				INFOPLIST_KEY_UISupportedInterfaceOrientations_iPad = "UIInterfaceOrientationLandscapeLeft UIInterfaceOrientationLandscapeRight UIInterfaceOrientationPortrait UIInterfaceOrientationPortraitUpsideDown";
				IPHONEOS_DEPLOYMENT_TARGET = 17.6;
				LD_RUNPATH_SEARCH_PATHS = (
					"$(inherited)",
					"@executable_path/Frameworks",
				);
				MARKETING_VERSION = 1.0;
				PRODUCT_BUNDLE_IDENTIFIER = com.LightPhoenix.PokerGenius;
				PRODUCT_NAME = "$(TARGET_NAME)";
				SWIFT_EMIT_LOC_STRINGS = YES;
				SWIFT_VERSION = 5.0;
				TARGETED_DEVICE_FAMILY = "1,2";
			};
			name = Debug;
		};
		BA4D42AF2CCD436700EF8218 /* Release */ = {
			isa = XCBuildConfiguration;
			buildSettings = {
				ASSETCATALOG_COMPILER_APPICON_NAME = AppIcon;
				ASSETCATALOG_COMPILER_GLOBAL_ACCENT_COLOR_NAME = AccentColor;
				CODE_SIGN_STYLE = Automatic;
				CURRENT_PROJECT_VERSION = 1;
				DEVELOPMENT_ASSET_PATHS = "\"PokerGenius/Preview Content\"";
				DEVELOPMENT_TEAM = 4K64J37G9P;
				ENABLE_PREVIEWS = YES;
				GENERATE_INFOPLIST_FILE = YES;
				INFOPLIST_KEY_CFBundleDisplayName = "PokerGenius-Texas Hold'em";
				INFOPLIST_KEY_LSApplicationCategoryType = "public.app-category.productivity";
				INFOPLIST_KEY_NSCameraUsageDescription = "\"PokerGenius needs access to your camera to capture card images.\"";
				INFOPLIST_KEY_UIApplicationSceneManifest_Generation = YES;
				INFOPLIST_KEY_UIApplicationSupportsIndirectInputEvents = YES;
				INFOPLIST_KEY_UILaunchScreen_Generation = YES;
				INFOPLIST_KEY_UISupportedInterfaceOrientations = UIInterfaceOrientationPortrait;
				INFOPLIST_KEY_UISupportedInterfaceOrientations_iPad = "UIInterfaceOrientationLandscapeLeft UIInterfaceOrientationLandscapeRight UIInterfaceOrientationPortrait UIInterfaceOrientationPortraitUpsideDown";
				IPHONEOS_DEPLOYMENT_TARGET = 17.6;
				LD_RUNPATH_SEARCH_PATHS = (
					"$(inherited)",
					"@executable_path/Frameworks",
				);
				MARKETING_VERSION = 1.0;
				PRODUCT_BUNDLE_IDENTIFIER = com.LightPhoenix.PokerGenius;
				PRODUCT_NAME = "$(TARGET_NAME)";
				SWIFT_EMIT_LOC_STRINGS = YES;
				SWIFT_VERSION = 5.0;
				TARGETED_DEVICE_FAMILY = "1,2";
			};
			name = Release;
		};
		BA4D42B12CCD436700EF8218 /* Debug */ = {
			isa = XCBuildConfiguration;
			buildSettings = {
				BUNDLE_LOADER = "$(TEST_HOST)";
				CODE_SIGN_STYLE = Automatic;
				CURRENT_PROJECT_VERSION = 1;
				DEVELOPMENT_TEAM = 4K64J37G9P;
				GENERATE_INFOPLIST_FILE = YES;
				IPHONEOS_DEPLOYMENT_TARGET = 18.0;
				MARKETING_VERSION = 1.0;
				PRODUCT_BUNDLE_IDENTIFIER = com.LightPhoenix.PokerGeniusTests;
				PRODUCT_NAME = "$(TARGET_NAME)";
				SWIFT_EMIT_LOC_STRINGS = NO;
				SWIFT_VERSION = 5.0;
				TARGETED_DEVICE_FAMILY = "1,2";
				TEST_HOST = "$(BUILT_PRODUCTS_DIR)/PokerGenius.app/$(BUNDLE_EXECUTABLE_FOLDER_PATH)/PokerGenius";
			};
			name = Debug;
		};
		BA4D42B22CCD436700EF8218 /* Release */ = {
			isa = XCBuildConfiguration;
			buildSettings = {
				BUNDLE_LOADER = "$(TEST_HOST)";
				CODE_SIGN_STYLE = Automatic;
				CURRENT_PROJECT_VERSION = 1;
				DEVELOPMENT_TEAM = 4K64J37G9P;
				GENERATE_INFOPLIST_FILE = YES;
				IPHONEOS_DEPLOYMENT_TARGET = 18.0;
				MARKETING_VERSION = 1.0;
				PRODUCT_BUNDLE_IDENTIFIER = com.LightPhoenix.PokerGeniusTests;
				PRODUCT_NAME = "$(TARGET_NAME)";
				SWIFT_EMIT_LOC_STRINGS = NO;
				SWIFT_VERSION = 5.0;
				TARGETED_DEVICE_FAMILY = "1,2";
				TEST_HOST = "$(BUILT_PRODUCTS_DIR)/PokerGenius.app/$(BUNDLE_EXECUTABLE_FOLDER_PATH)/PokerGenius";
			};
			name = Release;
		};
		BA4D42B42CCD436700EF8218 /* Debug */ = {
			isa = XCBuildConfiguration;
			buildSettings = {
				CODE_SIGN_STYLE = Automatic;
				CURRENT_PROJECT_VERSION = 1;
				DEVELOPMENT_TEAM = 4K64J37G9P;
				GENERATE_INFOPLIST_FILE = YES;
				MARKETING_VERSION = 1.0;
				PRODUCT_BUNDLE_IDENTIFIER = com.LightPhoenix.PokerGeniusUITests;
				PRODUCT_NAME = "$(TARGET_NAME)";
				SWIFT_EMIT_LOC_STRINGS = NO;
				SWIFT_VERSION = 5.0;
				TARGETED_DEVICE_FAMILY = "1,2";
				TEST_TARGET_NAME = PokerGenius;
			};
			name = Debug;
		};
		BA4D42B52CCD436700EF8218 /* Release */ = {
			isa = XCBuildConfiguration;
			buildSettings = {
				CODE_SIGN_STYLE = Automatic;
				CURRENT_PROJECT_VERSION = 1;
				DEVELOPMENT_TEAM = 4K64J37G9P;
				GENERATE_INFOPLIST_FILE = YES;
				MARKETING_VERSION = 1.0;
				PRODUCT_BUNDLE_IDENTIFIER = com.LightPhoenix.PokerGeniusUITests;
				PRODUCT_NAME = "$(TARGET_NAME)";
				SWIFT_EMIT_LOC_STRINGS = NO;
				SWIFT_VERSION = 5.0;
				TARGETED_DEVICE_FAMILY = "1,2";
				TEST_TARGET_NAME = PokerGenius;
			};
			name = Release;
		};
/* End XCBuildConfiguration section */

/* Begin XCConfigurationList section */
		BA4D42842CCD436600EF8218 /* Build configuration list for PBXProject "PokerGenius" */ = {
			isa = XCConfigurationList;
			buildConfigurations = (
				BA4D42AB2CCD436700EF8218 /* Debug */,
				BA4D42AC2CCD436700EF8218 /* Release */,
			);
			defaultConfigurationIsVisible = 0;
			defaultConfigurationName = Release;
		};
		BA4D42AD2CCD436700EF8218 /* Build configuration list for PBXNativeTarget "PokerGenius" */ = {
			isa = XCConfigurationList;
			buildConfigurations = (
				BA4D42AE2CCD436700EF8218 /* Debug */,
				BA4D42AF2CCD436700EF8218 /* Release */,
			);
			defaultConfigurationIsVisible = 0;
			defaultConfigurationName = Release;
		};
		BA4D42B02CCD436700EF8218 /* Build configuration list for PBXNativeTarget "PokerGeniusTests" */ = {
			isa = XCConfigurationList;
			buildConfigurations = (
				BA4D42B12CCD436700EF8218 /* Debug */,
				BA4D42B22CCD436700EF8218 /* Release */,
			);
			defaultConfigurationIsVisible = 0;
			defaultConfigurationName = Release;
		};
		BA4D42B32CCD436700EF8218 /* Build configuration list for PBXNativeTarget "PokerGeniusUITests" */ = {
			isa = XCConfigurationList;
			buildConfigurations = (
				BA4D42B42CCD436700EF8218 /* Debug */,
				BA4D42B52CCD436700EF8218 /* Release */,
			);
			defaultConfigurationIsVisible = 0;
			defaultConfigurationName = Release;
		};
/* End XCConfigurationList section */
	};
	rootObject = BA4D42812CCD436600EF8218 /* Project object */;
}
